devDependencies:
  '@types/merge2': 1.3.0
  '@types/node': 14.14.21
  '@types/prop-types': 15.7.3
  '@types/react': 17.0.0
  '@types/react-dom': 17.0.0
  css-modules-require-hook: 4.2.3
  esm: 3.2.25
  merge2: 1.4.1
  postcss: 8.2.4
  postcss-import: 14.0.0_postcss@8.2.4
  postcss-modules: 4.0.0_postcss@8.2.4
  react: 17.0.1
  react-dom: 17.0.1_react@17.0.1
  ts-node: 9.1.1_typescript@4.1.3
  tslib: 2.1.0
  typescript: 4.1.3
  typescript-plugin-css-modules: 3.0.1_typescript@4.1.3
lockfileVersion: 5.2
packages:
  /@types/json5/0.0.29:
    dev: true
    resolution:
      integrity: sha1-7ihweulOEdK4J7y+UnC86n8+ce4=
  /@types/merge2/1.3.0:
    dependencies:
      '@types/node': 14.14.21
    dev: true
    resolution:
      integrity: sha512-3xFWjsGhm5GCVlRrcrrVr9oapPxpbG5M3G/4JGF+Gra++7DWoeDOQphCEhyMpbpbptD3w/4PesYIMby/yHrzkQ==
  /@types/node/14.14.21:
    dev: true
    resolution:
      integrity: sha512-cHYfKsnwllYhjOzuC5q1VpguABBeecUp24yFluHpn/BQaVxB1CuQ1FSRZCzrPxrkIfWISXV2LbeoBthLWg0+0A==
  /@types/prop-types/15.7.3:
    dev: true
    resolution:
      integrity: sha512-KfRL3PuHmqQLOG+2tGpRO26Ctg+Cq1E01D2DMriKEATHgWLfeNDmq9e29Q9WIky0dQ3NPkd1mzYH8Lm936Z9qw==
  /@types/react-dom/17.0.0:
    dependencies:
      '@types/react': 17.0.0
    dev: true
    resolution:
      integrity: sha512-lUqY7OlkF/RbNtD5nIq7ot8NquXrdFrjSOR6+w9a9RFQevGi1oZO1dcJbXMeONAPKtZ2UrZOEJ5UOCVsxbLk/g==
  /@types/react/17.0.0:
    dependencies:
      '@types/prop-types': 15.7.3
      csstype: 3.0.6
    dev: true
    resolution:
      integrity: sha512-aj/L7RIMsRlWML3YB6KZiXB3fV2t41+5RBGYF8z+tAKU43Px8C3cYUZsDvf1/+Bm4FK21QWBrDutu8ZJ/70qOw==
  /ansi-styles/3.2.1:
    dependencies:
      color-convert: 1.9.3
    dev: true
    engines:
      node: '>=4'
    resolution:
      integrity: sha512-VT0ZI6kZRdTh8YyJw3SMbYm/u+NqfsAxEpWO0Pf9sq8/e94WxxOpPKx9FR1FlyCtOVDNOQ+8ntlqFxiRc+r5qA==
  /anymatch/3.1.1:
    dependencies:
      normalize-path: 3.0.0
      picomatch: 2.2.2
    dev: true
    engines:
      node: '>= 8'
    resolution:
      integrity: sha512-mM8522psRCqzV+6LhomX5wgp25YVibjh8Wj23I5RPkPppSVSjyKD2A2mBJmWGa+KN7f2D6LNh9jkBCeyLktzjg==
  /arg/4.1.3:
    dev: true
    resolution:
      integrity: sha512-58S9QDqG0Xx27YwPSt9fJxivjYl432YCwfDMfZ+71RAqUrZef7LrKQZ3LHLOwCS4FLNBplP533Zx895SeOCHvA==
  /argparse/1.0.10:
    dependencies:
      sprintf-js: 1.0.3
    dev: true
    resolution:
      integrity: sha512-o5Roy6tNG4SL/FOkCAN6RzjiakZS25RLYFrcMttJqbdd8BWrnA+fGz57iN5Pb06pvBGvl5gQ0B48dJlslXvoTg==
  /atob/2.1.2:
    dev: true
    engines:
      node: '>= 4.5.0'
    hasBin: true
    resolution:
      integrity: sha512-Wm6ukoaOGJi/73p/cl2GvLjTI5JM1k/O14isD73YML8StrH/7/lRFgmg8nICZgD3bZZvjwCGxtMOD3wWNAu8cg==
  /balanced-match/1.0.0:
    dev: true
    resolution:
      integrity: sha1-ibTRmasr7kneFk6gK4nORi1xt2c=
  /big.js/3.2.0:
    dev: true
    resolution:
      integrity: sha512-+hN/Zh2D08Mx65pZ/4g5bsmNiZUuChDiQfTUQ7qJr4/kuopCr88xZsAXv6mBoZEsUI4OuGHlX59qE94K2mMW8Q==
  /big.js/5.2.2:
    dev: true
    resolution:
      integrity: sha512-vyL2OymJxmarO8gxMr0mhChsO9QGwhynfuu4+MHTAW6czfq9humCB7rKpUjDd9YUiDPU4mzpyupFSvOClAwbmQ==
  /binary-extensions/2.2.0:
    dev: true
    engines:
      node: '>=8'
    resolution:
      integrity: sha512-jDctJ/IVQbZoJykoeHbhXpOlNBqGNcwXJKJog42E5HDPUwQTSdjCHdihjj0DlnheQ7blbT6dHOafNAiS8ooQKA==
  /brace-expansion/1.1.11:
    dependencies:
      balanced-match: 1.0.0
      concat-map: 0.0.1
    dev: true
    resolution:
      integrity: sha512-iCuPHDFgrHX7H2vEI/5xpz07zSHB00TpugqhmYtVmMO6518mCuRMoOYFldEBl0g187ufozdaHgWKcYFb61qGiA==
  /braces/3.0.2:
    dependencies:
      fill-range: 7.0.1
    dev: true
    engines:
      node: '>=8'
    resolution:
      integrity: sha512-b8um+L1RzM3WDSzvhm6gIz1yfTbBt6YTlcEKAvsmqCZZFw46z626lVj9j1yEPW33H5H+lBQpZMP1k8l+78Ha0A==
  /buffer-from/1.1.1:
    dev: true
    resolution:
      integrity: sha512-MQcXEUbCKtEo7bhqEs6560Hyd4XaovZlO/k9V3hjVUF/zwW7KBVdSK4gIt/bzwS9MbR5qob+F5jusZsb0YQK2A==
  /caller-callsite/2.0.0:
    dependencies:
      callsites: 2.0.0
    dev: true
    engines:
      node: '>=4'
    resolution:
      integrity: sha1-hH4PzgoiN1CpoCfFSzNzGtMVQTQ=
  /caller-path/2.0.0:
    dependencies:
      caller-callsite: 2.0.0
    dev: true
    engines:
      node: '>=4'
    resolution:
      integrity: sha1-Ro+DBE42mrIBD6xfBs7uFbsssfQ=
  /callsites/2.0.0:
    dev: true
    engines:
      node: '>=4'
    resolution:
      integrity: sha1-BuuE8A7qQT2oav/vrL/7Ngk7PFA=
  /chalk/2.4.2:
    dependencies:
      ansi-styles: 3.2.1
      escape-string-regexp: 1.0.5
      supports-color: 5.5.0
    dev: true
    engines:
      node: '>=4'
    resolution:
      integrity: sha512-Mti+f9lpJNcwF4tWV8/OrTTtF1gZi+f8FqlyAdouralcFWFQWF2+NgCHShjkCb+IFBLq9buZwE1xckQU4peSuQ==
  /chokidar/3.5.1:
    dependencies:
      anymatch: 3.1.1
      braces: 3.0.2
      glob-parent: 5.1.1
      is-binary-path: 2.1.0
      is-glob: 4.0.1
      normalize-path: 3.0.0
      readdirp: 3.5.0
    dev: true
    engines:
      node: '>= 8.10.0'
    optionalDependencies:
      fsevents: 2.3.1
    resolution:
      integrity: sha512-9+s+Od+W0VJJzawDma/gvBNQqkTiqYTWLuZoyAsivsI4AaWTCzHG06/TMjsf1cYe9Cb97UCEhjz7HvnPk2p/tw==
  /color-convert/1.9.3:
    dependencies:
      color-name: 1.1.3
    dev: true
    resolution:
      integrity: sha512-QfAUtd+vFdAtFQcC8CCyYt1fYWxSqAiK2cSD6zDB8N3cpsEBAvRxp9zOGg6G/SHHJYAT88/az/IuDGALsNVbGg==
  /color-name/1.1.3:
    dev: true
    resolution:
      integrity: sha1-p9BVi9icQveV3UIyj3QIMcpTvCU=
  /colorette/1.2.1:
    dev: true
    resolution:
      integrity: sha512-puCDz0CzydiSYOrnXpz/PKd69zRrribezjtE9yd4zvytoRc8+RY/KJPvtPFKZS3E3wP6neGyMe0vOTlHO5L3Pw==
  /concat-map/0.0.1:
    dev: true
    resolution:
      integrity: sha1-2Klr13/Wjfd5OnMDajug1UBdR3s=
  /copy-anything/2.0.1:
    dependencies:
      is-what: 3.12.0
    dev: true
    resolution:
      integrity: sha512-lA57e7viQHOdPQcrytv5jFeudZZOXuyk47lZym279FiDQ8jeZomXiGuVf6ffMKkJ+3TIai3J1J3yi6M+/4U35g==
  /cosmiconfig/5.2.1:
    dependencies:
      import-fresh: 2.0.0
      is-directory: 0.3.1
      js-yaml: 3.14.1
      parse-json: 4.0.0
    dev: true
    engines:
      node: '>=4'
    resolution:
      integrity: sha512-H65gsXo1SKjf8zmrJ67eJk8aIRKV5ff2D4uKZIBZShbhGSpEmsQOPW/SKMKYhSTrqR7ufy6RP69rPogdaPh/kA==
  /create-require/1.1.1:
    dev: true
    resolution:
      integrity: sha512-dcKFX3jn0MpIaXjisoRvexIJVEKzaq7z2rZKxf+MSr9TkdmHmsU4m2lcLojrj/FHl8mk5VxMmYA+ftRkP/3oKQ==
  /css-modules-require-hook/4.2.3:
    dependencies:
      debug: 2.6.9
      generic-names: 1.0.3
      glob-to-regexp: 0.3.0
      icss-replace-symbols: 1.1.0
      lodash: 4.17.20
      postcss: 6.0.23
      postcss-modules-extract-imports: 1.2.1
      postcss-modules-local-by-default: 1.2.0
      postcss-modules-resolve-imports: 1.3.0_postcss@6.0.23
      postcss-modules-scope: 1.1.0
      postcss-modules-values: 1.3.0
      seekout: 1.0.2
    dev: true
    engines:
      node: '>= 4'
    resolution:
      integrity: sha1-Z5LKQSsV4j5vm+agfc739Xf/kE0=
  /css-parse/2.0.0:
    dependencies:
      css: 2.2.4
    dev: true
    resolution:
      integrity: sha1-pGjuZnwW2BzPBcWMONKpfHgNv9Q=
  /css-selector-tokenizer/0.7.3:
    dependencies:
      cssesc: 3.0.0
      fastparse: 1.1.2
    dev: true
    resolution:
      integrity: sha512-jWQv3oCEL5kMErj4wRnK/OPoBi0D+P1FR2cDCKYPaMeD2eW3/mttav8HT4hT1CKopiJI/psEULjkClhvJo4Lvg==
  /css/2.2.4:
    dependencies:
      inherits: 2.0.4
      source-map: 0.6.1
      source-map-resolve: 0.5.3
      urix: 0.1.0
    dev: true
    resolution:
      integrity: sha512-oUnjmWpy0niI3x/mPL8dVEI1l7MnG3+HHyRPHf+YFSbK+svOhXpmSOcDURUh2aOCgl2grzrOPt1nHLuCVFULLw==
  /cssesc/3.0.0:
    dev: true
    engines:
      node: '>=4'
    hasBin: true
    resolution:
      integrity: sha512-/Tb/JcjK111nNScGob5MNtsntNM1aCNUDipB/TkwZFhyDrrE47SOx/18wF2bbjgc3ZzCSKW1T5nt5EbFoAz/Vg==
  /csstype/3.0.6:
    dev: true
    resolution:
      integrity: sha512-+ZAmfyWMT7TiIlzdqJgjMb7S4f1beorDbWbsocyK4RaiqA5RTX3K14bnBWmmA9QEM0gRdsjyyrEmcyga8Zsxmw==
  /debug/2.6.9:
    dependencies:
      ms: 2.0.0
    dev: true
    resolution:
      integrity: sha512-bC7ElrdJaJnPbAP+1EotYvqZsb3ecl5wi6Bfi6BJTUcNowp6cvspg0jXznRTKDjm/E7AdgFBVeAPVMNcKGsHMA==
  /debug/3.1.0:
    dependencies:
      ms: 2.0.0
    dev: true
    resolution:
      integrity: sha512-OX8XqP7/1a9cqkxYw2yXss15f26NKWBpDXQd0/uK/KPqdQhxbPa994hnzjcE2VqQpDslf55723cKPUOGSmMY3g==
  /decode-uri-component/0.2.0:
    dev: true
    engines:
      node: '>=0.10'
    resolution:
      integrity: sha1-6zkTMzRYd1y4TNGh+uBiEGu4dUU=
  /diff/4.0.2:
    dev: true
    engines:
      node: '>=0.3.1'
    resolution:
      integrity: sha512-58lmxKSA4BNyLz+HHMUzlOEpg09FV+ev6ZMe3vJihgdxzgcwZ8VoEEPmALCZG9LmqfVoNMMKpttIYTVG6uDY7A==
  /dotenv/8.2.0:
    dev: true
    engines:
      node: '>=8'
    resolution:
      integrity: sha512-8sJ78ElpbDJBHNeBzUbUVLsqKdccaa/BXF1uPTw3GrvQTBgrQrtObr2mUrE38vzYd8cEv+m/JBfDLioYcfXoaw==
  /emojis-list/2.1.0:
    dev: true
    engines:
      node: '>= 0.10'
    resolution:
      integrity: sha1-TapNnbAPmBmIDHn6RXrlsJof04k=
  /emojis-list/3.0.0:
    dev: true
    engines:
      node: '>= 4'
    resolution:
      integrity: sha512-/kyM18EfinwXZbno9FyUGeFh87KC8HRQBQGildHZbEuRyWFOmv1U10o9BBp8XVZDVNNuQKyIGIu5ZYAAXJ0V2Q==
  /errno/0.1.8:
    dependencies:
      prr: 1.0.1
    dev: true
    hasBin: true
    optional: true
    resolution:
      integrity: sha512-dJ6oBr5SQ1VSd9qkk7ByRgb/1SH4JZjCHSW/mr63/QcXO9zLVxvJ6Oy13nio03rxpSnVDDjFor75SjVeZWPW/A==
  /error-ex/1.3.2:
    dependencies:
      is-arrayish: 0.2.1
    dev: true
    resolution:
      integrity: sha512-7dFHNmqeFSEt2ZBsCriorKnn3Z2pj+fd9kmI6QoWw4//DL+icEBfc0U7qJCisqrTsKTjw4fNFy2pW9OqStD84g==
  /escape-string-regexp/1.0.5:
    dev: true
    engines:
      node: '>=0.8.0'
    resolution:
      integrity: sha1-G2HAViGQqN/2rjuyzwIAyhMLhtQ=
  /esm/3.2.25:
    dev: true
    engines:
      node: '>=6'
    resolution:
      integrity: sha512-U1suiZ2oDVWv4zPO56S0NcR5QriEahGtdN2OR6FiOG4WJvcjBVFB0qI4+eKoWFH483PKGuLuu6V8Z4T5g63UVA==
  /esprima/4.0.1:
    dev: true
    engines:
      node: '>=4'
    hasBin: true
    resolution:
      integrity: sha512-eGuFFw7Upda+g4p+QHvnW0RyTX/SVeJBDM/gCtMARO0cLuT2HcEKnTPvhjV6aGeqrCB/sbNop0Kszm0jsaWU4A==
  /fastparse/1.1.2:
    dev: true
    resolution:
      integrity: sha512-483XLLxTVIwWK3QTrMGRqUfUpoOs/0hbQrl2oz4J0pAcm3A3bu84wxTFqGqkJzewCLdME38xJLJAxBABfQT8sQ==
  /fill-range/7.0.1:
    dependencies:
      to-regex-range: 5.0.1
    dev: true
    engines:
      node: '>=8'
    resolution:
      integrity: sha512-qOo9F+dMUmC2Lcb4BbVvnKJxTPjCm+RRpe4gDuGrzkL7mEVl/djYSu2OdQ2Pa302N4oqkSg9ir6jaLWJ2USVpQ==
  /fs.realpath/1.0.0:
    dev: true
    resolution:
      integrity: sha1-FQStJSMVjKpA20onh8sBQRmU6k8=
  /fsevents/2.3.1:
    dev: true
    engines:
      node: ^8.16.0 || ^10.6.0 || >=11.0.0
    optional: true
    os:
      - darwin
    resolution:
      integrity: sha512-YR47Eg4hChJGAB1O3yEAOkGO+rlzutoICGqGo9EZ4lKWokzZRSyIW1QmTzqjtw8MJdj9srP869CuWw/hyzSiBw==
  /function-bind/1.1.1:
    dev: true
    resolution:
      integrity: sha512-yIovAzMX49sF8Yl58fSCWJ5svSLuaibPxXQJFLmBObTuCr0Mf1KiPopGM9NiFjiYBCbfaa2Fh6breQ6ANVTI0A==
  /generic-names/1.0.3:
    dependencies:
      loader-utils: 0.2.17
    dev: true
    resolution:
      integrity: sha1-LXhqEhruUIh2eWk56OO/+DbCCRc=
  /generic-names/2.0.1:
    dependencies:
      loader-utils: 1.4.0
    dev: true
    resolution:
      integrity: sha512-kPCHWa1m9wGG/OwQpeweTwM/PYiQLrUIxXbt/P4Nic3LbGjCP0YwrALHW1uNLKZ0LIMg+RF+XRlj2ekT9ZlZAQ==
  /glob-parent/5.1.1:
    dependencies:
      is-glob: 4.0.1
    dev: true
    engines:
      node: '>= 6'
    resolution:
      integrity: sha512-FnI+VGOpnlGHWZxthPGR+QhR78fuiK0sNLkHQv+bL9fQi57lNNdquIbna/WrfROrolq8GK5Ek6BiMwqL/voRYQ==
  /glob-to-regexp/0.3.0:
    dev: true
    resolution:
      integrity: sha1-jFoUlNIGbFcMw7/kSWF1rMTVAqs=
  /glob/7.1.6:
    dependencies:
      fs.realpath: 1.0.0
      inflight: 1.0.6
      inherits: 2.0.4
      minimatch: 3.0.4
      once: 1.4.0
      path-is-absolute: 1.0.1
    dev: true
    resolution:
      integrity: sha512-LwaxwyZ72Lk7vZINtNNrywX0ZuLyStrdDtabefZKAY5ZGJhVtgdznluResxNmPitE0SAO+O26sWTHeKSI2wMBA==
  /graceful-fs/4.2.4:
    dev: true
    optional: true
    resolution:
      integrity: sha512-WjKPNJF79dtJAVniUlGGWHYGz2jWxT6VhN/4m1NdkbZ2nOsEF+cI1Edgql5zCRhs/VsQYRvrXctxktVXZUkixw==
  /has-flag/3.0.0:
    dev: true
    engines:
      node: '>=4'
    resolution:
      integrity: sha1-tdRU3CGZriJWmfNGfloH87lVuv0=
  /has/1.0.3:
    dependencies:
      function-bind: 1.1.1
    dev: true
    engines:
      node: '>= 0.4.0'
    resolution:
      integrity: sha512-f2dvO0VU6Oej7RkWJGrehjbzMAjFp5/VKPp5tTpWIV4JHHZK1/BxbFRtf/siA2SWTe09caDmVtYYzWEIbBS4zw==
  /icss-replace-symbols/1.1.0:
    dev: true
    resolution:
      integrity: sha1-Bupvg2ead0njhs/h/oEq5dsiPe0=
  /icss-utils/3.0.1:
    dependencies:
      postcss: 6.0.23
    dev: true
    resolution:
      integrity: sha1-7nDTroysOMa+XtkehRsn7tNDrQ8=
  /icss-utils/4.1.1:
    dependencies:
      postcss: 7.0.35
    dev: true
    engines:
      node: '>= 6'
    resolution:
      integrity: sha512-4aFq7wvWyMHKgxsH8QQtGpvbASCf+eM3wPRLI6R+MgAnTCZ6STYsRvttLvRWK0Nfif5piF394St3HeJDaljGPA==
  /icss-utils/5.1.0_postcss@8.2.4:
    dependencies:
      postcss: 8.2.4
    dev: true
    engines:
      node: ^10 || ^12 || >= 14
    peerDependencies:
      postcss: ^8.1.0
    resolution:
      integrity: sha512-soFhflCVWLfRNOPU3iv5Z9VUdT44xFRbzjLsEzSr5AQmgqPMTHdU3PMT1Cf1ssx8fLNJDA1juftYl+PUcv3MqA==
  /image-size/0.5.5:
    dev: true
    engines:
      node: '>=0.10.0'
    hasBin: true
    optional: true
    resolution:
      integrity: sha1-Cd/Uq50g4p6xw+gLiZA3jfnjy5w=
  /import-cwd/2.1.0:
    dependencies:
      import-from: 2.1.0
    dev: true
    engines:
      node: '>=4'
    resolution:
      integrity: sha1-qmzzbnInYShcs3HsZRn1PiQ1sKk=
  /import-fresh/2.0.0:
    dependencies:
      caller-path: 2.0.0
      resolve-from: 3.0.0
    dev: true
    engines:
      node: '>=4'
    resolution:
      integrity: sha1-2BNVwVYS04bGH53dOSLUMEgipUY=
  /import-from/2.1.0:
    dependencies:
      resolve-from: 3.0.0
    dev: true
    engines:
      node: '>=4'
    resolution:
      integrity: sha1-M1238qev/VOqpHHUuAId7ja387E=
  /indexes-of/1.0.1:
    dev: true
    resolution:
      integrity: sha1-8w9xbI4r00bHtn0985FVZqfAVgc=
  /inflight/1.0.6:
    dependencies:
      once: 1.4.0
      wrappy: 1.0.2
    dev: true
    resolution:
      integrity: sha1-Sb1jMdfQLQwJvJEKEHW6gWW1bfk=
  /inherits/2.0.4:
    dev: true
    resolution:
      integrity: sha512-k/vGaX4/Yla3WzyMCvTQOXYeIHvqOKtnqBduzTHpzpQZzAskKMhZ2K+EnBiSM9zGSoIFeMpXKxa4dYeZIQqewQ==
  /is-arrayish/0.2.1:
    dev: true
    resolution:
      integrity: sha1-d8mYQFJ6qOyxqLppe4BkWnqSap0=
  /is-binary-path/2.1.0:
    dependencies:
      binary-extensions: 2.2.0
    dev: true
    engines:
      node: '>=8'
    resolution:
      integrity: sha512-ZMERYes6pDydyuGidse7OsHxtbI7WVeUEozgR/g7rd0xUimYNlvZRE/K2MgZTjWy725IfelLeVcEM97mmtRGXw==
  /is-core-module/2.2.0:
    dependencies:
      has: 1.0.3
    dev: true
    resolution:
      integrity: sha512-XRAfAdyyY5F5cOXn7hYQDqh2Xmii+DEfIcQGxK/uNwMHhIkPWO0g8msXcbzLe+MpGoR951MlqM/2iIlU4vKDdQ==
  /is-directory/0.3.1:
    dev: true
    engines:
      node: '>=0.10.0'
    resolution:
      integrity: sha1-YTObbyR1/Hcv2cnYP1yFddwVSuE=
  /is-extglob/2.1.1:
    dev: true
    engines:
      node: '>=0.10.0'
    resolution:
      integrity: sha1-qIwCU1eR8C7TfHahueqXc8gz+MI=
  /is-glob/4.0.1:
    dependencies:
      is-extglob: 2.1.1
    dev: true
    engines:
      node: '>=0.10.0'
    resolution:
      integrity: sha512-5G0tKtBTFImOqDnLB2hG6Bp2qcKEFduo4tZu9MT/H6NQv/ghhy30o55ufafxJ/LdH79LLs2Kfrn85TLKyA7BUg==
  /is-number/7.0.0:
    dev: true
    engines:
      node: '>=0.12.0'
    resolution:
      integrity: sha512-41Cifkg6e8TylSpdtTpeLVMqvSBEVzTttHvERD741+pnZ8ANv0004MRL43QKPDlK9cGvNp6NZWZUBlbGXYxxng==
  /is-what/3.12.0:
    dev: true
    resolution:
      integrity: sha512-2ilQz5/f/o9V7WRWJQmpFYNmQFZ9iM+OXRonZKcYgTkCzjb949Vi4h282PD1UfmgHk666rcWonbRJ++KI41VGw==
  /js-tokens/4.0.0:
    dev: true
    resolution:
      integrity: sha512-RdJUflcE3cUzKiMqQgsCu06FPu9UdIJO0beYbPhHN4k6apgJtifcoCtT9bcxOpYBtpD2kCM6Sbzg4CausW/PKQ==
  /js-yaml/3.14.1:
    dependencies:
      argparse: 1.0.10
      esprima: 4.0.1
    dev: true
    hasBin: true
    resolution:
      integrity: sha512-okMH7OXXJ7YrN9Ok3/SXrnu4iX9yOk+25nqX4imS2npuvTYDmo/QEZoqwZkYaIDk3jVvBOTOIEgEhaLOynBS9g==
  /json-parse-better-errors/1.0.2:
    dev: true
    resolution:
      integrity: sha512-mrqyZKfX5EhL7hvqcV6WG1yYjnjeuYDzDhhcAAUrq8Po85NBQBJP+ZDUT75qZQ98IkUoBqdkExkukOU7Ts2wrw==
  /json5/0.5.1:
    dev: true
    hasBin: true
    resolution:
      integrity: sha1-Hq3nrMASA0rYTiOWdn6tn6VJWCE=
  /json5/1.0.1:
    dependencies:
      minimist: 1.2.5
    dev: true
    hasBin: true
    resolution:
      integrity: sha512-aKS4WQjPenRxiQsC93MNfjx+nbF4PAdYzmd/1JIj8HYzqfbu86beTuNgXDzPknWk0n0uARlyewZo4s++ES36Ow==
  /less/3.13.1:
    dependencies:
      copy-anything: 2.0.1
      tslib: 1.14.1
    dev: true
    engines:
      node: '>=6'
    hasBin: true
    optionalDependencies:
      errno: 0.1.8
      graceful-fs: 4.2.4
      image-size: 0.5.5
      make-dir: 2.1.0
      mime: 1.6.0
      native-request: 1.0.8
      source-map: 0.6.1
    resolution:
      integrity: sha512-SwA1aQXGUvp+P5XdZslUOhhLnClSLIjWvJhmd+Vgib5BFIr9lMNlQwmwUNOjXThF/A0x+MCYYPeWEfeWiLRnTw==
  /loader-utils/0.2.17:
    dependencies:
      big.js: 3.2.0
      emojis-list: 2.1.0
      json5: 0.5.1
      object-assign: 4.1.1
    dev: true
    resolution:
      integrity: sha1-+G5jdNQyBabmxg6RlvF8Apm/s0g=
  /loader-utils/1.4.0:
    dependencies:
      big.js: 5.2.2
      emojis-list: 3.0.0
      json5: 1.0.1
    dev: true
    engines:
      node: '>=4.0.0'
    resolution:
      integrity: sha512-qH0WSMBtn/oHuwjy/NucEgbx5dbxxnxup9s4PVXJUDHZBQY+s0NWA9rJf53RBnQZxfch7euUui7hpoAPvALZdA==
  /lodash.camelcase/4.3.0:
    dev: true
    resolution:
      integrity: sha1-soqmKIorn8ZRA1x3EfZathkDMaY=
  /lodash/4.17.20:
    dev: true
    resolution:
      integrity: sha512-PlhdFcillOINfeV7Ni6oF1TAEayyZBoZ8bcshTHqOYJYlrqzRK5hagpagky5o4HfCzzd1TRkXPMFq6cKk9rGmA==
  /loose-envify/1.4.0:
    dependencies:
      js-tokens: 4.0.0
    dev: true
    hasBin: true
    resolution:
      integrity: sha512-lyuxPGr/Wfhrlem2CL/UcnUc1zcqKAImBDzukY7Y5F/yQiNdko6+fRLevlw1HgMySw7f611UIY408EtxRSoK3Q==
  /make-dir/2.1.0:
    dependencies:
      pify: 4.0.1
      semver: 5.7.1
    dev: true
    engines:
      node: '>=6'
    optional: true
    resolution:
      integrity: sha512-LS9X+dc8KLxXCb8dni79fLIIUA5VyZoyjSMCwTluaXA0o27cCK0bhXkpgw+sTXVpPy/lSO57ilRixqk0vDmtRA==
  /make-error/1.3.6:
    dev: true
    resolution:
      integrity: sha512-s8UhlNe7vPKomQhC1qFelMokr/Sc3AgNbso3n74mVPA5LTZwkB9NlXf4XPamLxJE8h0gh73rM94xvwRT2CVInw==
  /merge2/1.4.1:
    dev: true
    engines:
      node: '>= 8'
    resolution:
      integrity: sha512-8q7VEgMJW4J8tcfVPy8g09NcQwZdbwFEqhe/WZkoIzjn/3TGDwtOCYtXGxA3O8tPzpczCCDgv+P2P5y00ZJOOg==
  /mime/1.6.0:
    dev: true
    engines:
      node: '>=4'
    hasBin: true
    optional: true
    resolution:
      integrity: sha512-x0Vn8spI+wuJ1O6S7gnbaQg8Pxh4NNHb7KSINmEWKiPE4RKOplvijn+NkmYmmRgP68mc70j2EbeTFRsrswaQeg==
  /minimatch/3.0.4:
    dependencies:
      brace-expansion: 1.1.11
    dev: true
    resolution:
      integrity: sha512-yJHVQEhyqPLUTgt9B83PXu6W3rx4MvvHvSUvToogpwoGDOUQ+yDrR0HRot+yOCdCO7u4hX3pWft6kWBBcqh0UA==
  /minimist/1.2.5:
    dev: true
    resolution:
      integrity: sha512-FM9nNUYrRBAELZQT3xeZQ7fmMOBg6nWNmJKTcgsJeaLstP/UODVpGsr5OhXhhXg6f+qtJ8uiZ+PUxkDWcgIXLw==
  /mkdirp/1.0.4:
    dev: true
    engines:
      node: '>=10'
    hasBin: true
    resolution:
      integrity: sha512-vVqVZQyf3WLx2Shd0qJ9xuvqgAyKPLAiqITEtqW0oIUjzo3PePDd6fW9iFz30ef7Ysp/oiWqbhszeGWW2T6Gzw==
  /ms/2.0.0:
    dev: true
    resolution:
      integrity: sha1-VgiurfwAvmwpAd9fmGF4jeDVl8g=
  /nanoid/3.1.20:
    dev: true
    engines:
      node: ^10 || ^12 || ^13.7 || ^14 || >=15.0.1
    hasBin: true
    resolution:
      integrity: sha512-a1cQNyczgKbLX9jwbS/+d7W8fX/RfgYR7lVWwWOGIPNgK2m0MWvrGF6/m4kk6U3QcFMnZf3RIhL0v2Jgh/0Uxw==
  /native-request/1.0.8:
    dev: true
    optional: true
    resolution:
      integrity: sha512-vU2JojJVelUGp6jRcLwToPoWGxSx23z/0iX+I77J3Ht17rf2INGjrhOoQnjVo60nQd8wVsgzKkPfRXBiVdD2ag==
  /normalize-path/3.0.0:
    dev: true
    engines:
      node: '>=0.10.0'
    resolution:
      integrity: sha512-6eZs5Ls3WtCisHWp9S2GUy8dqkpGi4BVSz3GaqiE6ezub0512ESztXUwUB6C6IKbQkY2Pnb/mD4WYojCRwcwLA==
  /object-assign/4.1.1:
    dev: true
    engines:
      node: '>=0.10.0'
    resolution:
      integrity: sha1-IQmtx5ZYh8/AXLvUQsrIv7s2CGM=
  /once/1.4.0:
    dependencies:
      wrappy: 1.0.2
    dev: true
    resolution:
      integrity: sha1-WDsap3WWHUsROsF9nFC6753Xa9E=
  /parse-json/4.0.0:
    dependencies:
      error-ex: 1.3.2
      json-parse-better-errors: 1.0.2
    dev: true
    engines:
      node: '>=4'
    resolution:
      integrity: sha1-vjX1Qlvh9/bHRxhPmKeIy5lHfuA=
  /path-is-absolute/1.0.1:
    dev: true
    engines:
      node: '>=0.10.0'
    resolution:
      integrity: sha1-F0uSaHNVNP+8es5r9TpanhtcX18=
  /path-parse/1.0.6:
    dev: true
    resolution:
      integrity: sha512-GSmOT2EbHrINBf9SR7CDELwlJ8AENk3Qn7OikK4nFYAu3Ote2+JYNVvkpAEQm3/TLNEJFD/xZJjzyxg3KBWOzw==
  /picomatch/2.2.2:
    dev: true
    engines:
      node: '>=8.6'
    resolution:
      integrity: sha512-q0M/9eZHzmr0AulXyPwNfZjtwZ/RBZlbN3K3CErVrk50T2ASYI7Bye0EvekFY3IP1Nt2DHu0re+V2ZHIpMkuWg==
  /pify/2.3.0:
    dev: true
    engines:
      node: '>=0.10.0'
    resolution:
      integrity: sha1-7RQaasBDqEnqWISY59yosVMw6Qw=
  /pify/4.0.1:
    dev: true
    engines:
      node: '>=6'
    optional: true
    resolution:
      integrity: sha512-uB80kBFb/tfd68bVleG9T5GGsGPjJrLAUpR5PZIrhBnIaRTQRjqdJSsIKkOP6OAIFbj7GOrcudc5pNjZ+geV2g==
  /postcss-filter-plugins/3.0.1:
    dependencies:
      postcss: 6.0.23
    dev: true
    resolution:
      integrity: sha512-tRKbW4wWBEkSSFuJtamV2wkiV9rj6Yy7P3Y13+zaynlPEEZt8EgYKn3y/RBpMeIhNmHXFlSdzofml65hD5OafA==
  /postcss-icss-keyframes/0.2.1:
    dependencies:
      icss-utils: 3.0.1
      postcss: 6.0.23
      postcss-value-parser: 3.3.1
    dev: true
    resolution:
      integrity: sha1-gMRFXgESsPL5w8Bax1FQYruf8pU=
  /postcss-icss-selectors/2.0.3:
    dependencies:
      css-selector-tokenizer: 0.7.3
      generic-names: 1.0.3
      icss-utils: 3.0.1
      lodash: 4.17.20
      postcss: 6.0.23
    dev: true
    resolution:
      integrity: sha1-J/oa/Kq2xgLIZsuymPMhjpvBybM=
  /postcss-import/14.0.0_postcss@8.2.4:
    dependencies:
      postcss: 8.2.4
      postcss-value-parser: 4.1.0
      read-cache: 1.0.0
      resolve: 1.19.0
    dev: true
    engines:
      node: '>=10.0.0'
    peerDependencies:
      postcss: ^8.0.0
    resolution:
      integrity: sha512-gFDDzXhqr9ELmnLHgCC3TbGfA6Dm/YMb/UN8/f7Uuq4fL7VTk2vOIj6hwINEwbokEmp123bLD7a5m+E+KIetRg==
  /postcss-load-config/2.1.2:
    dependencies:
      cosmiconfig: 5.2.1
      import-cwd: 2.1.0
    dev: true
    engines:
      node: '>= 4'
    resolution:
      integrity: sha512-/rDeGV6vMUo3mwJZmeHfEDvwnTKKqQ0S7OHUi/kJvvtx3aWtyWG2/0ZWnzCt2keEclwN6Tf0DST2v9kITdOKYw==
  /postcss-modules-extract-imports/1.2.1:
    dependencies:
      postcss: 6.0.23
    dev: true
    resolution:
      integrity: sha512-6jt9XZwUhwmRUhb/CkyJY020PYaPJsCyt3UjbaWo6XEbH/94Hmv6MP7fG2C5NDU/BcHzyGYxNtHvM+LTf9HrYw==
  /postcss-modules-extract-imports/3.0.0_postcss@8.2.4:
    dependencies:
      postcss: 8.2.4
    dev: true
    engines:
      node: ^10 || ^12 || >= 14
    peerDependencies:
      postcss: ^8.1.0
    resolution:
      integrity: sha512-bdHleFnP3kZ4NYDhuGlVK+CMrQ/pqUm8bx/oGL93K6gVwiclvX5x0n76fYMKuIGKzlABOy13zsvqjb0f92TEXw==
  /postcss-modules-local-by-default/1.2.0:
    dependencies:
      css-selector-tokenizer: 0.7.3
      postcss: 6.0.23
    dev: true
    resolution:
      integrity: sha1-99gMOYxaOT+nlkRmvRlQCn1hwGk=
  /postcss-modules-local-by-default/4.0.0_postcss@8.2.4:
    dependencies:
      icss-utils: 5.1.0_postcss@8.2.4
      postcss: 8.2.4
      postcss-selector-parser: 6.0.4
      postcss-value-parser: 4.1.0
    dev: true
    engines:
      node: ^10 || ^12 || >= 14
    peerDependencies:
      postcss: ^8.1.0
    resolution:
      integrity: sha512-sT7ihtmGSF9yhm6ggikHdV0hlziDTX7oFoXtuVWeDd3hHObNkcHRo9V3yg7vCAY7cONyxJC/XXCmmiHHcvX7bQ==
  /postcss-modules-resolve-imports/1.3.0_postcss@6.0.23:
    dependencies:
      css-selector-tokenizer: 0.7.3
      icss-utils: 3.0.1
      minimist: 1.2.5
      postcss: 6.0.23
    dev: true
    engines:
      node: '>= 4'
    peerDependencies:
      postcss: ^6.0.0
    resolution:
      integrity: sha1-OY0wALla6WlCDN9M2D+oBn8cXq4=
  /postcss-modules-scope/1.1.0:
    dependencies:
      css-selector-tokenizer: 0.7.3
      postcss: 6.0.23
    dev: true
    resolution:
      integrity: sha1-1upkmUx5+XtipytCb75gVqGUu5A=
  /postcss-modules-scope/3.0.0_postcss@8.2.4:
    dependencies:
      postcss: 8.2.4
      postcss-selector-parser: 6.0.4
    dev: true
    engines:
      node: ^10 || ^12 || >= 14
    peerDependencies:
      postcss: ^8.1.0
    resolution:
      integrity: sha512-hncihwFA2yPath8oZ15PZqvWGkWf+XUfQgUGamS4LqoP1anQLOsOJw0vr7J7IwLpoY9fatA2qiGUGmuZL0Iqlg==
  /postcss-modules-values/1.3.0:
    dependencies:
      icss-replace-symbols: 1.1.0
      postcss: 6.0.23
    dev: true
    resolution:
      integrity: sha1-7P+p1+GSUYOJ9CrQ6D9yrsRW6iA=
  /postcss-modules-values/4.0.0_postcss@8.2.4:
    dependencies:
      icss-utils: 5.1.0_postcss@8.2.4
      postcss: 8.2.4
    dev: true
    engines:
      node: ^10 || ^12 || >= 14
    peerDependencies:
      postcss: ^8.1.0
    resolution:
      integrity: sha512-RDxHkAiEGI78gS2ofyvCsu7iycRv7oqw5xMWn9iMoR0N/7mf9D50ecQqUo5BZ9Zh2vH4bCUR/ktCqbB9m8vJjQ==
  /postcss-modules/4.0.0_postcss@8.2.4:
    dependencies:
      generic-names: 2.0.1
      icss-replace-symbols: 1.1.0
      lodash.camelcase: 4.3.0
      postcss: 8.2.4
      postcss-modules-extract-imports: 3.0.0_postcss@8.2.4
      postcss-modules-local-by-default: 4.0.0_postcss@8.2.4
      postcss-modules-scope: 3.0.0_postcss@8.2.4
      postcss-modules-values: 4.0.0_postcss@8.2.4
      string-hash: 1.1.3
    dev: true
    peerDependencies:
      postcss: ^8.0.0
    resolution:
      integrity: sha512-ghS/ovDzDqARm4Zj6L2ntadjyQMoyJmi0JkLlYtH2QFLrvNlxH5OAVRPWPeKilB0pY7SbuhO173KOWkPAxRJcw==
  /postcss-selector-parser/6.0.4:
    dependencies:
      cssesc: 3.0.0
      indexes-of: 1.0.1
      uniq: 1.0.1
      util-deprecate: 1.0.2
    dev: true
    engines:
      node: '>=4'
    resolution:
      integrity: sha512-gjMeXBempyInaBqpp8gODmwZ52WaYsVOsfr4L4lDQ7n3ncD6mEyySiDtgzCT+NYC0mmeOLvtsF8iaEf0YT6dBw==
  /postcss-value-parser/3.3.1:
    dev: true
    resolution:
      integrity: sha512-pISE66AbVkp4fDQ7VHBwRNXzAAKJjw4Vw7nWI/+Q3vuly7SNfgYXvm6i5IgFylHGK5sP/xHAbB7N49OS4gWNyQ==
  /postcss-value-parser/4.1.0:
    dev: true
    resolution:
      integrity: sha512-97DXOFbQJhk71ne5/Mt6cOu6yxsSfM0QGQyl0L25Gca4yGWEGJaig7l7gbCX623VqTBNGLRLaVUCnNkcedlRSQ==
  /postcss/6.0.23:
    dependencies:
      chalk: 2.4.2
      source-map: 0.6.1
      supports-color: 5.5.0
    dev: true
    engines:
      node: '>=4.0.0'
    resolution:
      integrity: sha512-soOk1h6J3VMTZtVeVpv15/Hpdl2cBLX3CAw4TAbkpTJiNPk9YP/zWcD1ND+xEtvyuuvKzbxliTOIyvkSeSJ6ag==
  /postcss/7.0.35:
    dependencies:
      chalk: 2.4.2
      source-map: 0.6.1
      supports-color: 6.1.0
    dev: true
    engines:
      node: '>=6.0.0'
    resolution:
      integrity: sha512-3QT8bBJeX/S5zKTTjTCIjRF3If4avAT6kqxcASlTWEtAFCb9NH0OUxNDfgZSWdP5fJnBYCMEWkIFfWeugjzYMg==
  /postcss/8.2.4:
    dependencies:
      colorette: 1.2.1
      nanoid: 3.1.20
      source-map: 0.6.1
    dev: true
    engines:
      node: ^10 || ^12 || >=14
    resolution:
      integrity: sha512-kRFftRoExRVXZlwUuay9iC824qmXPcQQVzAjbCCgjpXnkdMCJYBu2gTwAaFBzv8ewND6O8xFb3aELmEkh9zTzg==
  /prr/1.0.1:
    dev: true
    optional: true
    resolution:
      integrity: sha1-0/wRS6BplaRexok/SEzrHXj19HY=
  /react-dom/17.0.1_react@17.0.1:
    dependencies:
      loose-envify: 1.4.0
      object-assign: 4.1.1
      react: 17.0.1
      scheduler: 0.20.1
    dev: true
    peerDependencies:
      react: 17.0.1
    resolution:
      integrity: sha512-6eV150oJZ9U2t9svnsspTMrWNyHc6chX0KzDeAOXftRa8bNeOKTTfCJ7KorIwenkHd2xqVTBTCZd79yk/lx/Ug==
  /react/17.0.1:
    dependencies:
      loose-envify: 1.4.0
      object-assign: 4.1.1
    dev: true
    engines:
      node: '>=0.10.0'
    resolution:
      integrity: sha512-lG9c9UuMHdcAexXtigOZLX8exLWkW0Ku29qPRU8uhF2R9BN96dLCt0psvzPLlHc5OWkgymP3qwTRgbnw5BKx3w==
  /read-cache/1.0.0:
    dependencies:
      pify: 2.3.0
    dev: true
    resolution:
      integrity: sha1-5mTvMRYRZsl1HNvo28+GtftY93Q=
  /readdirp/3.5.0:
    dependencies:
      picomatch: 2.2.2
    dev: true
    engines:
      node: '>=8.10.0'
    resolution:
      integrity: sha512-cMhu7c/8rdhkHXWsY+osBhfSy0JikwpHK/5+imo+LpeasTF8ouErHrlYkwT0++njiyuDvc7OFY5T3ukvZ8qmFQ==
  /reserved-words/0.1.2:
    dev: true
    resolution:
      integrity: sha1-AKCUD5jNUBrqqsMWQR2a3FKzGrE=
  /resolve-from/3.0.0:
    dev: true
    engines:
      node: '>=4'
    resolution:
      integrity: sha1-six699nWiBvItuZTM17rywoYh0g=
  /resolve-url/0.2.1:
    deprecated: https://github.com/lydell/resolve-url#deprecated
    dev: true
    resolution:
      integrity: sha1-LGN/53yJOv0qZj/iGqkIAGjiBSo=
  /resolve/1.19.0:
    dependencies:
      is-core-module: 2.2.0
      path-parse: 1.0.6
    dev: true
    resolution:
      integrity: sha512-rArEXAgsBG4UgRGcynxWIWKFvh/XZCcS8UJdHhwy91zwAvCZIbcs+vAbflgBnNjYMs/i/i+/Ux6IZhML1yPvxg==
  /safer-buffer/2.1.2:
    dev: true
    resolution:
      integrity: sha512-YZo3K82SD7Riyi0E1EQPojLz7kpepnSQI9IyPbHHg1XXXevb5dJI7tpyN2ADxGcQbHG7vcyRHk0cbwqcQriUtg==
  /sass/1.32.4:
    dependencies:
      chokidar: 3.5.1
    dev: true
    engines:
      node: '>=8.9.0'
    hasBin: true
    resolution:
      integrity: sha512-N0BT0PI/t3+gD8jKa83zJJUb7ssfQnRRfqN+GIErokW6U4guBpfYl8qYB+OFLEho+QvnV5ZH1R9qhUC/Z2Ch9w==
  /sax/1.2.4:
    dev: true
    resolution:
      integrity: sha512-NqVDv9TpANUjFm0N8uM5GxL36UgKi9/atZw+x7YFnQ8ckwFGKrl4xX4yWtrey3UJm5nP1kUbnYgLopqWNSRhWw==
  /scheduler/0.20.1:
    dependencies:
      loose-envify: 1.4.0
      object-assign: 4.1.1
    dev: true
    resolution:
      integrity: sha512-LKTe+2xNJBNxu/QhHvDR14wUXHRQbVY5ZOYpOGWRzhydZUqrLb2JBvLPY7cAqFmqrWuDED0Mjk7013SZiOz6Bw==
  /seekout/1.0.2:
    dev: true
    engines:
      node: '>=0.12'
    resolution:
      integrity: sha1-CbqfG9W0b7sTRxjrGaaDgsuxuck=
  /semver/5.7.1:
    dev: true
    hasBin: true
    optional: true
    resolution:
      integrity: sha512-sauaDf/PZdVgrLTNYHRtpXa1iRiKcaebiKQ1BJdpQlWH2lCvexQdX55snPFyK7QzpudqbCI0qXFfOasHdyNDGQ==
  /semver/6.3.0:
    dev: true
    hasBin: true
    resolution:
      integrity: sha512-b39TBaTSfV6yBrapU89p5fKekE2m/NwnDocOVruQFS1/veMgdzuPcnOM34M6CwxW8jH/lxEa5rBoDeUwu5HHTw==
  /source-map-resolve/0.5.3:
    dependencies:
      atob: 2.1.2
      decode-uri-component: 0.2.0
      resolve-url: 0.2.1
      source-map-url: 0.4.0
      urix: 0.1.0
    dev: true
    resolution:
      integrity: sha512-Htz+RnsXWk5+P2slx5Jh3Q66vhQj1Cllm0zvnaY98+NFx+Dv2CF/f5O/t8x+KaNdrdIAsruNzoh/KpialbqAnw==
  /source-map-support/0.5.19:
    dependencies:
      buffer-from: 1.1.1
      source-map: 0.6.1
    dev: true
    resolution:
      integrity: sha512-Wonm7zOCIJzBGQdB+thsPar0kYuCIzYvxZwlBa87yi/Mdjv7Tip2cyVbLj5o0cFPN4EVkuTwb3GDDyUx2DGnGw==
  /source-map-url/0.4.0:
    dev: true
    resolution:
      integrity: sha1-PpNdfd1zYxuXZZlW1VEo6HtQhKM=
  /source-map/0.6.1:
    dev: true
    engines:
      node: '>=0.10.0'
    resolution:
      integrity: sha512-UjgapumWlbMhkBgzT7Ykc5YXUT46F0iKu8SGXq0bcwP5dz/h0Plj6enJqjz1Zbq2l5WaqYnrVbwWOWMyF3F47g==
  /source-map/0.7.3:
    dev: true
    engines:
      node: '>= 8'
    resolution:
      integrity: sha512-CkCj6giN3S+n9qrYiBTX5gystlENnRW5jZeNLHpe6aue+SrHcG5VYwujhW9s4dY31mEGsxBDrHR6oI69fTXsaQ==
  /sprintf-js/1.0.3:
    dev: true
    resolution:
      integrity: sha1-BOaSb2YolTVPPdAVIDYzuFcpfiw=
  /string-hash/1.1.3:
    dev: true
    resolution:
      integrity: sha1-6Kr8CsGFW0Zmkp7X3RJ1311sgRs=
  /strip-bom/3.0.0:
    dev: true
    engines:
      node: '>=4'
    resolution:
      integrity: sha1-IzTBjpx1n3vdVv3vfprj1YjmjtM=
  /stylus/0.54.8:
    dependencies:
      css-parse: 2.0.0
      debug: 3.1.0
      glob: 7.1.6
      mkdirp: 1.0.4
      safer-buffer: 2.1.2
      sax: 1.2.4
      semver: 6.3.0
      source-map: 0.7.3
    dev: true
    hasBin: true
    resolution:
      integrity: sha512-vr54Or4BZ7pJafo2mpf0ZcwA74rpuYCZbxrHBsH8kbcXOwSfvBFwsRfpGO5OD5fhG5HDCFW737PKaawI7OqEAg==
  /supports-color/5.5.0:
    dependencies:
      has-flag: 3.0.0
    dev: true
    engines:
      node: '>=4'
    resolution:
      integrity: sha512-QjVjwdXIt408MIiAqCX4oUKsgU2EqAGzs2Ppkm4aQYbjm+ZEWEcW4SfFNTr4uMNZma0ey4f5lgLrkB0aX0QMow==
  /supports-color/6.1.0:
    dependencies:
      has-flag: 3.0.0
    dev: true
    engines:
      node: '>=6'
    resolution:
      integrity: sha512-qe1jfm1Mg7Nq/NSh6XE24gPXROEVsWHxC1LIx//XNlD9iw7YZQGjZNjYN7xGaEG6iKdA8EtNFW6R0gjnVXp+wQ==
  /to-regex-range/5.0.1:
    dependencies:
      is-number: 7.0.0
    dev: true
    engines:
      node: '>=8.0'
    resolution:
      integrity: sha512-65P7iz6X5yEr1cwcgvQxbbIw7Uk3gOy5dIdtZ4rDveLqhrdJP+Li/Hx6tyK0NEb+2GCyneCMJiGqrADCSNk8sQ==
  /ts-node/9.1.1_typescript@4.1.3:
    dependencies:
      arg: 4.1.3
      create-require: 1.1.1
      diff: 4.0.2
      make-error: 1.3.6
      source-map-support: 0.5.19
      typescript: 4.1.3
      yn: 3.1.1
    dev: true
    engines:
      node: '>=10.0.0'
    hasBin: true
    peerDependencies:
      typescript: '>=2.7'
    resolution:
      integrity: sha512-hPlt7ZACERQGf03M253ytLY3dHbGNGrAq9qIHWUY9XHYl1z7wYngSr3OQ5xmui8o2AaxsONxIzjafLUiWBo1Fg==
  /tsconfig-paths/3.9.0:
    dependencies:
      '@types/json5': 0.0.29
      json5: 1.0.1
      minimist: 1.2.5
      strip-bom: 3.0.0
    dev: true
    resolution:
      integrity: sha512-dRcuzokWhajtZWkQsDVKbWyY+jgcLC5sqJhg2PSgf4ZkH2aHPvaOY8YWGhmjb68b5qqTfasSsDO9k7RUiEmZAw==
  /tslib/1.14.1:
    dev: true
    resolution:
      integrity: sha512-Xni35NKzjgMrwevysHTCArtLDpPvye8zV/0E4EyYn43P7/7qvQwPh9BGkHewbMulVntbigmcT7rdX3BNo9wRJg==
  /tslib/2.1.0:
    dev: true
    resolution:
      integrity: sha512-hcVC3wYEziELGGmEEXue7D75zbwIIVUMWAVbHItGPx0ziyXxrOMQx4rQEVEV45Ut/1IotuEvwqPopzIOkDMf0A==
  /typescript-plugin-css-modules/3.0.1_typescript@4.1.3:
    dependencies:
      dotenv: 8.2.0
      icss-utils: 4.1.1
      less: 3.13.1
      lodash.camelcase: 4.3.0
      postcss: 7.0.35
      postcss-filter-plugins: 3.0.1
      postcss-icss-keyframes: 0.2.1
      postcss-icss-selectors: 2.0.3
      postcss-load-config: 2.1.2
      reserved-words: 0.1.2
      sass: 1.32.4
      stylus: 0.54.8
      tsconfig-paths: 3.9.0
      typescript: 4.1.3
    dev: true
    peerDependencies:
      typescript: '>=3.0.0'
    resolution:
      integrity: sha512-nrnI1ZX6o4iTELlYV2P+yapoaWhdWGbJRiKSeNf5yE10QrAX9MfiKVBxRF7wCdolkK9N1g0u1egUto7hojomLg==
  /typescript/4.1.3:
    dev: true
    engines:
      node: '>=4.2.0'
    hasBin: true
    resolution:
      integrity: sha512-B3ZIOf1IKeH2ixgHhj6la6xdwR9QrLC5d1VKeCSY4tvkqhF2eqd9O7txNlS0PO3GrBAFIdr3L1ndNwteUbZLYg==
  /uniq/1.0.1:
    dev: true
    resolution:
      integrity: sha1-sxxa6CVIRKOoKBVBzisEuGWnNP8=
  /urix/0.1.0:
    deprecated: Please see https://github.com/lydell/urix#deprecated
    dev: true
    resolution:
      integrity: sha1-2pN/emLiH+wf0Y1Js1wpNQZ6bHI=
  /util-deprecate/1.0.2:
    dev: true
    resolution:
      integrity: sha1-RQ1Nyfpw3nMnYvvS1KKJgUGaDM8=
  /wrappy/1.0.2:
    dev: true
    resolution:
      integrity: sha1-tSQ9jz7BqjXxNkYFvA0QNuMKtp8=
  /yn/3.1.1:
    dev: true
    engines:
      node: '>=6'
    resolution:
      integrity: sha512-Ux4ygGWsu2c7isFWe8Yu1YluJmqVhxqK2cLXNQA5AcC3QfbGNpM7fu0Y8b/z16pXLnFxZYvWhd3fhBY9DLmC6Q==
specifiers:
  '@types/merge2': ^1.3.0
  '@types/node': ^14.14.21
  '@types/prop-types': ^15.7.3
  '@types/react': ^17.0.0
  '@types/react-dom': ^17.0.0
  css-modules-require-hook: ^4.2.3
  esm: ^3.2.25
  merge2: ^1.4.1
  postcss: ^8.2.4
  postcss-import: ^14.0.0
  postcss-modules: ^4.0.0
  react: ^17.0.1
  react-dom: ^17.0.1
  ts-node: ^9.1.1
  tslib: ^2.1.0
  typescript: ^4.1.3
  typescript-plugin-css-modules: ^3.0.1
